
Microsoft Visual Studio Solution File, Format Version 12.00
# Visual Studio Version 17
VisualStudioVersion = 17.3.32825.248
MinimumVisualStudioVersion = 10.0.40219.1
Project("{FAE04EC0-301F-11D3-BF4B-00C04F79EFBC}") = "sourcetree_demo", "sourcetree_demo\sourcetree_demo.csproj", "{5BB514F8-BEF4-4916-87BA-DF43CB3FC124}"
EndProject
Global
	GlobalSection(SolutionConfigurationPlatforms) = preSolution
		Debug|Any CPU = Debug|Any CPU
		Release|Any CPU = Release|Any CPU
	EndGlobalSection
	GlobalSection(ProjectConfigurationPlatforms) = postSolution
		{5BB514F8-BEF4-4916-87BA-DF43CB3FC124}.Debug|Any CPU.ActiveCfg = Debug|Any CPU
		{5BB514F8-BEF4-4916-87BA-DF43CB3FC124}.Debug|Any CPU.Build.0 = Debug|Any CPU
		{5BB514F8-BEF4-4916-87BA-DF43CB3FC124}.Release|Any CPU.ActiveCfg = Release|Any CPU
		{5BB514F8-BEF4-4916-87BA-DF43CB3FC124}.Release|Any CPU.Build.0 = Release|Any CPU
	EndGlobalSection
	GlobalSection(SolutionProperties) = preSolution
		HideSolutionNode = FALSE
	EndGlobalSection
	GlobalSection(ExtensibilityGlobals) = postSolution
		SolutionGuid = {9F04827D-4406-4750-8202-F5805309A4A6}
	EndGlobalSection
EndGlobal
